
Microsoft Visual Studio Solution File, Format Version 12.00
# Visual Studio Version 17
VisualStudioVersion = 17.4.33122.133
MinimumVisualStudioVersion = 10.0.40219.1
Project("{FAE04EC0-301F-11D3-BF4B-00C04F79EFBC}") = "Ex_1", "Ex_1\Ex_1.csproj", "{D55720C3-1A56-4EBB-998B-B2C8A67CFAAB}"
EndProject
Global
	GlobalSection(SolutionConfigurationPlatforms) = preSolution
		Debug|Any CPU = Debug|Any CPU
		Release|Any CPU = Release|Any CPU
	EndGlobalSection
	GlobalSection(ProjectConfigurationPlatforms) = postSolution
		{D55720C3-1A56-4EBB-998B-B2C8A67CFAAB}.Debug|Any CPU.ActiveCfg = Debug|Any CPU
		{D55720C3-1A56-4EBB-998B-B2C8A67CFAAB}.Debug|Any CPU.Build.0 = Debug|Any CPU
		{D55720C3-1A56-4EBB-998B-B2C8A67CFAAB}.Release|Any CPU.ActiveCfg = Release|Any CPU
		{D55720C3-1A56-4EBB-998B-B2C8A67CFAAB}.Release|Any CPU.Build.0 = Release|Any CPU
	EndGlobalSection
	GlobalSection(SolutionProperties) = preSolution
		HideSolutionNode = FALSE
	EndGlobalSection
	GlobalSection(ExtensibilityGlobals) = postSolution
		SolutionGuid = {8A14965E-D3B9-445F-ACA3-5BCD8AA2CBD0}
	EndGlobalSection
EndGlobal
